
Microsoft Visual Studio Solution File, Format Version 12.00
# Visual Studio Version 17
VisualStudioVersion = 17.5.33516.290
MinimumVisualStudioVersion = 10.0.40219.1
Project("{9A19103F-16F7-4668-BE54-9A1E7A4F7556}") = "KUSYS", "KUSYS\KUSYS.csproj", "{F9E45B8B-F528-4D66-A722-BD98421CE68B}"
EndProject
Project("{9A19103F-16F7-4668-BE54-9A1E7A4F7556}") = "EntityLayer", "EntityLayer\EntityLayer.csproj", "{52CDFABA-259B-44D0-B67B-8624095493E8}"
EndProject
Project("{9A19103F-16F7-4668-BE54-9A1E7A4F7556}") = "DataAccessLayer", "DataAccessLayer\DataAccessLayer.csproj", "{C8120D28-545B-4B86-91C7-E51248B911D8}"
EndProject
Project("{9A19103F-16F7-4668-BE54-9A1E7A4F7556}") = "BusinessLayer", "BusinessLayer\BusinessLayer.csproj", "{05F5BF02-127E-4FAE-95C9-97CD9A8D0A0E}"
EndProject
Project("{9A19103F-16F7-4668-BE54-9A1E7A4F7556}") = "CoreLayer", "CoreLayer\CoreLayer.csproj", "{B01476F0-AD71-4684-8B51-F0F0713EC738}"
EndProject
Project("{FAE04EC0-301F-11D3-BF4B-00C04F79EFBC}") = "KUSYSApi", "KUSYSApi\KUSYSApi.csproj", "{31617C46-302B-426B-B4A2-C3F2A332EE16}"
EndProject
Global
	GlobalSection(SolutionConfigurationPlatforms) = preSolution
		Debug|Any CPU = Debug|Any CPU
		Release|Any CPU = Release|Any CPU
	EndGlobalSection
	GlobalSection(ProjectConfigurationPlatforms) = postSolution
		{F9E45B8B-F528-4D66-A722-BD98421CE68B}.Debug|Any CPU.ActiveCfg = Debug|Any CPU
		{F9E45B8B-F528-4D66-A722-BD98421CE68B}.Debug|Any CPU.Build.0 = Debug|Any CPU
		{F9E45B8B-F528-4D66-A722-BD98421CE68B}.Release|Any CPU.ActiveCfg = Release|Any CPU
		{F9E45B8B-F528-4D66-A722-BD98421CE68B}.Release|Any CPU.Build.0 = Release|Any CPU
		{52CDFABA-259B-44D0-B67B-8624095493E8}.Debug|Any CPU.ActiveCfg = Debug|Any CPU
		{52CDFABA-259B-44D0-B67B-8624095493E8}.Debug|Any CPU.Build.0 = Debug|Any CPU
		{52CDFABA-259B-44D0-B67B-8624095493E8}.Release|Any CPU.ActiveCfg = Release|Any CPU
		{52CDFABA-259B-44D0-B67B-8624095493E8}.Release|Any CPU.Build.0 = Release|Any CPU
		{C8120D28-545B-4B86-91C7-E51248B911D8}.Debug|Any CPU.ActiveCfg = Debug|Any CPU
		{C8120D28-545B-4B86-91C7-E51248B911D8}.Debug|Any CPU.Build.0 = Debug|Any CPU
		{C8120D28-545B-4B86-91C7-E51248B911D8}.Release|Any CPU.ActiveCfg = Release|Any CPU
		{C8120D28-545B-4B86-91C7-E51248B911D8}.Release|Any CPU.Build.0 = Release|Any CPU
		{05F5BF02-127E-4FAE-95C9-97CD9A8D0A0E}.Debug|Any CPU.ActiveCfg = Debug|Any CPU
		{05F5BF02-127E-4FAE-95C9-97CD9A8D0A0E}.Debug|Any CPU.Build.0 = Debug|Any CPU
		{05F5BF02-127E-4FAE-95C9-97CD9A8D0A0E}.Release|Any CPU.ActiveCfg = Release|Any CPU
		{05F5BF02-127E-4FAE-95C9-97CD9A8D0A0E}.Release|Any CPU.Build.0 = Release|Any CPU
		{B01476F0-AD71-4684-8B51-F0F0713EC738}.Debug|Any CPU.ActiveCfg = Debug|Any CPU
		{B01476F0-AD71-4684-8B51-F0F0713EC738}.Debug|Any CPU.Build.0 = Debug|Any CPU
		{B01476F0-AD71-4684-8B51-F0F0713EC738}.Release|Any CPU.ActiveCfg = Release|Any CPU
		{B01476F0-AD71-4684-8B51-F0F0713EC738}.Release|Any CPU.Build.0 = Release|Any CPU
		{31617C46-302B-426B-B4A2-C3F2A332EE16}.Debug|Any CPU.ActiveCfg = Debug|Any CPU
		{31617C46-302B-426B-B4A2-C3F2A332EE16}.Debug|Any CPU.Build.0 = Debug|Any CPU
		{31617C46-302B-426B-B4A2-C3F2A332EE16}.Release|Any CPU.ActiveCfg = Release|Any CPU
		{31617C46-302B-426B-B4A2-C3F2A332EE16}.Release|Any CPU.Build.0 = Release|Any CPU
	EndGlobalSection
	GlobalSection(SolutionProperties) = preSolution
		HideSolutionNode = FALSE
	EndGlobalSection
	GlobalSection(ExtensibilityGlobals) = postSolution
		SolutionGuid = {8CCD4341-C0C1-41B4-8D47-BCC429540C13}
	EndGlobalSection
EndGlobal
